// !$*UTF8*$!
{
	archiveVersion = 1;
	classes = {
	};
	objectVersion = 46;
	objects = {

/* Begin PBXBuildFile section */
		EA13E032171BDF1A0019FBF0 /* TableHeaderView.m in Sources */ = {isa = PBXBuildFile; fileRef = EA13E031171BDF1A0019FBF0 /* TableHeaderView.m */; };
		EA13E036171BE1210019FBF0 /* MoneyEntryCell.m in Sources */ = {isa = PBXBuildFile; fileRef = EA13E035171BE1210019FBF0 /* MoneyEntryCell.m */; };
		EA13E038171BE12E0019FBF0 /* MoneyEntryCell.xib in Resources */ = {isa = PBXBuildFile; fileRef = EA13E037171BE12E0019FBF0 /* MoneyEntryCell.xib */; };
		EA13E03F171BE9B00019FBF0 /* LoginViewController.m in Sources */ = {isa = PBXBuildFile; fileRef = EA13E03D171BE9B00019FBF0 /* LoginViewController.m */; };
		EA13E040171BE9B00019FBF0 /* LoginViewController.xib in Resources */ = {isa = PBXBuildFile; fileRef = EA13E03E171BE9B00019FBF0 /* LoginViewController.xib */; };
		EA13E044171BEB010019FBF0 /* UIColor+Theme.m in Sources */ = {isa = PBXBuildFile; fileRef = EA13E043171BEB010019FBF0 /* UIColor+Theme.m */; };
		EA13E046171BED910019FBF0 /* TableHeaderView.xib in Resources */ = {isa = PBXBuildFile; fileRef = EA13E045171BED910019FBF0 /* TableHeaderView.xib */; };
		EA13E049171BEDC40019FBF0 /* UIView+Loading.m in Sources */ = {isa = PBXBuildFile; fileRef = EA13E048171BEDC40019FBF0 /* UIView+Loading.m */; };
		EA13E04C171BEF5D0019FBF0 /* TextEntryCell.m in Sources */ = {isa = PBXBuildFile; fileRef = EA13E04B171BEF5D0019FBF0 /* TextEntryCell.m */; };
		EA13E04E171BEF710019FBF0 /* TextEntryCell.xib in Resources */ = {isa = PBXBuildFile; fileRef = EA13E04D171BEF710019FBF0 /* TextEntryCell.xib */; };
		EA8FF682171D19B50090A658 /* NSString+Validation.m in Sources */ = {isa = PBXBuildFile; fileRef = EA8FF681171D19B50090A658 /* NSString+Validation.m */; };
		EA8FF685171D1A320090A658 /* NSMutableString+Issues.m in Sources */ = {isa = PBXBuildFile; fileRef = EA8FF684171D1A320090A658 /* NSMutableString+Issues.m */; };
		EA8FF688171D1B6D0090A658 /* UIApplication+Keyboard.m in Sources */ = {isa = PBXBuildFile; fileRef = EA8FF687171D1B6D0090A658 /* UIApplication+Keyboard.m */; };
		EA8FF68B171D1FA50090A658 /* TRWAlertView.m in Sources */ = {isa = PBXBuildFile; fileRef = EA8FF68A171D1FA50090A658 /* TRWAlertView.m */; };
		EA8FF6A1171D221D0090A658 /* AFHTTPClient.m in Sources */ = {isa = PBXBuildFile; fileRef = EA8FF68F171D221D0090A658 /* AFHTTPClient.m */; };
		EA8FF6A2171D221D0090A658 /* AFHTTPRequestOperation.m in Sources */ = {isa = PBXBuildFile; fileRef = EA8FF691171D221D0090A658 /* AFHTTPRequestOperation.m */; };
		EA8FF6A3171D221D0090A658 /* AFImageRequestOperation.m in Sources */ = {isa = PBXBuildFile; fileRef = EA8FF693171D221D0090A658 /* AFImageRequestOperation.m */; };
		EA8FF6A4171D221D0090A658 /* AFJSONRequestOperation.m in Sources */ = {isa = PBXBuildFile; fileRef = EA8FF695171D221D0090A658 /* AFJSONRequestOperation.m */; };
		EA8FF6A5171D221D0090A658 /* AFNetworkActivityIndicatorManager.m in Sources */ = {isa = PBXBuildFile; fileRef = EA8FF697171D221D0090A658 /* AFNetworkActivityIndicatorManager.m */; };
		EA8FF6A6171D221D0090A658 /* AFPropertyListRequestOperation.m in Sources */ = {isa = PBXBuildFile; fileRef = EA8FF69A171D221D0090A658 /* AFPropertyListRequestOperation.m */; };
		EA8FF6A7171D221D0090A658 /* AFURLConnectionOperation.m in Sources */ = {isa = PBXBuildFile; fileRef = EA8FF69C171D221D0090A658 /* AFURLConnectionOperation.m */; };
		EA8FF6A8171D221D0090A658 /* AFXMLRequestOperation.m in Sources */ = {isa = PBXBuildFile; fileRef = EA8FF69E171D221D0090A658 /* AFXMLRequestOperation.m */; };
		EA8FF6A9171D221D0090A658 /* UIImageView+AFNetworking.m in Sources */ = {isa = PBXBuildFile; fileRef = EA8FF6A0171D221D0090A658 /* UIImageView+AFNetworking.m */; };
		EA8FF6AB171D222E0090A658 /* SystemConfiguration.framework in Frameworks */ = {isa = PBXBuildFile; fileRef = EA8FF6AA171D222E0090A658 /* SystemConfiguration.framework */; };
		EA8FF6AD171D22340090A658 /* MobileCoreServices.framework in Frameworks */ = {isa = PBXBuildFile; fileRef = EA8FF6AC171D22340090A658 /* MobileCoreServices.framework */; };
		EA8FF6B1171D237C0090A658 /* MBProgressHUD.m in Sources */ = {isa = PBXBuildFile; fileRef = EA8FF6B0171D237C0090A658 /* MBProgressHUD.m */; };
		EA8FF6B4171D23B20090A658 /* TRWProgressHUD.m in Sources */ = {isa = PBXBuildFile; fileRef = EA8FF6B3171D23B20090A658 /* TRWProgressHUD.m */; };
		EA8FF6B8171D25C20090A658 /* TransferwiseOperation.m in Sources */ = {isa = PBXBuildFile; fileRef = EA8FF6B7171D25C20090A658 /* TransferwiseOperation.m */; };
		EA8FF6BB171D26A00090A658 /* LoginOperation.m in Sources */ = {isa = PBXBuildFile; fileRef = EA8FF6BA171D26A00090A658 /* LoginOperation.m */; };
		EAAA146C171BC911005B9430 /* UIKit.framework in Frameworks */ = {isa = PBXBuildFile; fileRef = EAAA146B171BC911005B9430 /* UIKit.framework */; };
		EAAA146E171BC911005B9430 /* Foundation.framework in Frameworks */ = {isa = PBXBuildFile; fileRef = EAAA146D171BC911005B9430 /* Foundation.framework */; };
		EAAA1470171BC911005B9430 /* CoreGraphics.framework in Frameworks */ = {isa = PBXBuildFile; fileRef = EAAA146F171BC911005B9430 /* CoreGraphics.framework */; };
		EAAA1472171BC911005B9430 /* CoreData.framework in Frameworks */ = {isa = PBXBuildFile; fileRef = EAAA1471171BC911005B9430 /* CoreData.framework */; };
		EAAA1478171BC911005B9430 /* InfoPlist.strings in Resources */ = {isa = PBXBuildFile; fileRef = EAAA1476171BC911005B9430 /* InfoPlist.strings */; };
		EAAA147A171BC911005B9430 /* main.m in Sources */ = {isa = PBXBuildFile; fileRef = EAAA1479171BC911005B9430 /* main.m */; };
		EAAA147E171BC911005B9430 /* AppDelegate.m in Sources */ = {isa = PBXBuildFile; fileRef = EAAA147D171BC911005B9430 /* AppDelegate.m */; };
		EAAA1480171BC911005B9430 /* Default.png in Resources */ = {isa = PBXBuildFile; fileRef = EAAA147F171BC911005B9430 /* Default.png */; };
		EAAA1482171BC911005B9430 /* Default@2x.png in Resources */ = {isa = PBXBuildFile; fileRef = EAAA1481171BC911005B9430 /* Default@2x.png */; };
		EAAA1484171BC911005B9430 /* Default-568h@2x.png in Resources */ = {isa = PBXBuildFile; fileRef = EAAA1483171BC911005B9430 /* Default-568h@2x.png */; };
		EAAA1487171BC911005B9430 /* Transfer.xcdatamodeld in Sources */ = {isa = PBXBuildFile; fileRef = EAAA1485171BC911005B9430 /* Transfer.xcdatamodeld */; };
		EAAA1490171BD07E005B9430 /* Localizable.strings in Resources */ = {isa = PBXBuildFile; fileRef = EAAA148E171BD07E005B9430 /* Localizable.strings */; };
		EAB72152171FC34600DE29F5 /* NavBarButton.png in Resources */ = {isa = PBXBuildFile; fileRef = EAB72150171FC34600DE29F5 /* NavBarButton.png */; };
		EAB72153171FC34600DE29F5 /* NavBarButton@2x.png in Resources */ = {isa = PBXBuildFile; fileRef = EAB72151171FC34600DE29F5 /* NavBarButton@2x.png */; };
		EAB72156171FC3E900DE29F5 /* SettingsButtonIcon.png in Resources */ = {isa = PBXBuildFile; fileRef = EAB72154171FC3E900DE29F5 /* SettingsButtonIcon.png */; };
		EAB72157171FC3E900DE29F5 /* SettingsButtonIcon@2x.png in Resources */ = {isa = PBXBuildFile; fileRef = EAB72155171FC3E900DE29F5 /* SettingsButtonIcon@2x.png */; };
		EAB7215B171FC61B00DE29F5 /* SettingsViewController.m in Sources */ = {isa = PBXBuildFile; fileRef = EAB72159171FC61B00DE29F5 /* SettingsViewController.m */; };
		EAB7215C171FC61B00DE29F5 /* SettingsViewController.xib in Resources */ = {isa = PBXBuildFile; fileRef = EAB7215A171FC61B00DE29F5 /* SettingsViewController.xib */; };
		EAB7215F171FCAAC00DE29F5 /* SettingsTitleCell.m in Sources */ = {isa = PBXBuildFile; fileRef = EAB7215E171FCAAC00DE29F5 /* SettingsTitleCell.m */; };
		EAB72161171FCAB900DE29F5 /* SettingsTitleCell.xib in Resources */ = {isa = PBXBuildFile; fileRef = EAB72160171FCAB900DE29F5 /* SettingsTitleCell.xib */; };
		EAB72165171FDC7F00DE29F5 /* MoneyCalculator.m in Sources */ = {isa = PBXBuildFile; fileRef = EAB72164171FDC7F00DE29F5 /* MoneyCalculator.m */; };
		EAC5CF0217266AFF004A7663 /* Recipient.m in Sources */ = {isa = PBXBuildFile; fileRef = EAC5CF0117266AFF004A7663 /* Recipient.m */; };
		EAC5CF06172672CA004A7663 /* Credentials.m in Sources */ = {isa = PBXBuildFile; fileRef = EAC5CF05172672CA004A7663 /* Credentials.m */; };
		EAC5CF0917267BC4004A7663 /* UserDetailsOperation.m in Sources */ = {isa = PBXBuildFile; fileRef = EAC5CF0817267BC4004A7663 /* UserDetailsOperation.m */; };
		EAC5CF0F17267EC5004A7663 /* ProfileDetails.m in Sources */ = {isa = PBXBuildFile; fileRef = EAC5CF0E17267EC5004A7663 /* ProfileDetails.m */; };
		EAC5CF351727B8FE004A7663 /* TransferwiseClient.m in Sources */ = {isa = PBXBuildFile; fileRef = EAC5CF341727B8FE004A7663 /* TransferwiseClient.m */; };
		EAC5CF381727C153004A7663 /* PersonalProfile.m in Sources */ = {isa = PBXBuildFile; fileRef = EAC5CF371727C153004A7663 /* PersonalProfile.m */; };
		EAC5CF3C1727CCAE004A7663 /* PersonalProfileViewController.m in Sources */ = {isa = PBXBuildFile; fileRef = EAC5CF3A1727CCAE004A7663 /* PersonalProfileViewController.m */; };
		EAC5CF3D1727CCAE004A7663 /* PersonalProfileViewController.xib in Resources */ = {isa = PBXBuildFile; fileRef = EAC5CF3B1727CCAE004A7663 /* PersonalProfileViewController.xib */; };
		EAC5CF401727D044004A7663 /* NavBarBackButton.png in Resources */ = {isa = PBXBuildFile; fileRef = EAC5CF3E1727D044004A7663 /* NavBarBackButton.png */; };
		EAC5CF411727D044004A7663 /* NavBarBackButton@2x.png in Resources */ = {isa = PBXBuildFile; fileRef = EAC5CF3F1727D044004A7663 /* NavBarBackButton@2x.png */; };
		EAD39672171BD2A300F6D011 /* ObjectModel.m in Sources */ = {isa = PBXBuildFile; fileRef = EAD39671171BD2A300F6D011 /* ObjectModel.m */; };
		EAD39676171BD4EE00F6D011 /* MainViewController.m in Sources */ = {isa = PBXBuildFile; fileRef = EAD39674171BD4EE00F6D011 /* MainViewController.m */; };
		EAD39677171BD4EE00F6D011 /* MainViewController.xib in Resources */ = {isa = PBXBuildFile; fileRef = EAD39675171BD4EE00F6D011 /* MainViewController.xib */; };
		EAD3967B171BD51400F6D011 /* TransactionsViewController.m in Sources */ = {isa = PBXBuildFile; fileRef = EAD39679171BD51400F6D011 /* TransactionsViewController.m */; };
		EAD3967C171BD51400F6D011 /* TransactionsViewController.xib in Resources */ = {isa = PBXBuildFile; fileRef = EAD3967A171BD51400F6D011 /* TransactionsViewController.xib */; };
		EAD39680171BD57000F6D011 /* ContactsViewController.m in Sources */ = {isa = PBXBuildFile; fileRef = EAD3967E171BD57000F6D011 /* ContactsViewController.m */; };
		EAD39681171BD57000F6D011 /* ContactsViewController.xib in Resources */ = {isa = PBXBuildFile; fileRef = EAD3967F171BD57000F6D011 /* ContactsViewController.xib */; };
		EAD39685171BD5B000F6D011 /* PaymentViewController.m in Sources */ = {isa = PBXBuildFile; fileRef = EAD39683171BD5B000F6D011 /* PaymentViewController.m */; };
		EAD39686171BD5B000F6D011 /* PaymentViewController.xib in Resources */ = {isa = PBXBuildFile; fileRef = EAD39684171BD5B000F6D011 /* PaymentViewController.xib */; };
		EAD3968A171BD82300F6D011 /* IntroductionViewController.m in Sources */ = {isa = PBXBuildFile; fileRef = EAD39688171BD82300F6D011 /* IntroductionViewController.m */; };
		EAD3968B171BD82300F6D011 /* IntroductionViewController.xib in Resources */ = {isa = PBXBuildFile; fileRef = EAD39689171BD82300F6D011 /* IntroductionViewController.xib */; };
		EAD7368A171E6CB100A037B1 /* GrayButton.m in Sources */ = {isa = PBXBuildFile; fileRef = EAD73689171E6CB100A037B1 /* GrayButton.m */; };
		EAD7368D171E6D5A00A037B1 /* GrayButton.png in Resources */ = {isa = PBXBuildFile; fileRef = EAD7368B171E6D5A00A037B1 /* GrayButton.png */; };
		EAD7368E171E6D5A00A037B1 /* GrayButton@2x.png in Resources */ = {isa = PBXBuildFile; fileRef = EAD7368C171E6D5A00A037B1 /* GrayButton@2x.png */; };
		EAD73692171E7A1D00A037B1 /* Lockbox.m in Sources */ = {isa = PBXBuildFile; fileRef = EAD73691171E7A1D00A037B1 /* Lockbox.m */; };
		EAD73694171E7A3200A037B1 /* Security.framework in Frameworks */ = {isa = PBXBuildFile; fileRef = EAD73693171E7A3200A037B1 /* Security.framework */; };
		EAD736A2171E85C300A037B1 /* RecipientCell.m in Sources */ = {isa = PBXBuildFile; fileRef = EAD736A1171E85C300A037B1 /* RecipientCell.m */; };
		EAD736A4171E85D100A037B1 /* RecipientCell.xib in Resources */ = {isa = PBXBuildFile; fileRef = EAD736A3171E85D100A037B1 /* RecipientCell.xib */; };
		EAD736A7171E87ED00A037B1 /* UserRecipientsOperation.m in Sources */ = {isa = PBXBuildFile; fileRef = EAD736A6171E87ED00A037B1 /* UserRecipientsOperation.m */; };
		EAD7D4C2171D43440099063F /* NSDictionary+SensibleData.m in Sources */ = {isa = PBXBuildFile; fileRef = EAD7D4C1171D43440099063F /* NSDictionary+SensibleData.m */; };
		EAD7D4C6171D47BE0099063F /* NavigationBar.png in Resources */ = {isa = PBXBuildFile; fileRef = EAD7D4C4171D47BE0099063F /* NavigationBar.png */; };
		EAD7D4C7171D47BE0099063F /* NavigationBar@2x.png in Resources */ = {isa = PBXBuildFile; fileRef = EAD7D4C5171D47BE0099063F /* NavigationBar@2x.png */; };
		EAD7D4CA171D4B080099063F /* BlueButton.png in Resources */ = {isa = PBXBuildFile; fileRef = EAD7D4C8171D4B080099063F /* BlueButton.png */; };
		EAD7D4CB171D4B080099063F /* BlueButton@2x.png in Resources */ = {isa = PBXBuildFile; fileRef = EAD7D4C9171D4B080099063F /* BlueButton@2x.png */; };
		EAD7D4CE171D4B4C0099063F /* UIButton+Skinning.m in Sources */ = {isa = PBXBuildFile; fileRef = EAD7D4CD171D4B4C0099063F /* UIButton+Skinning.m */; };
		EAD7D4D1171D4BB20099063F /* BlueButton.m in Sources */ = {isa = PBXBuildFile; fileRef = EAD7D4D0171D4BB20099063F /* BlueButton.m */; };
		EAEA6254171FECF700A96770 /* TransferCalculationsOperation.m in Sources */ = {isa = PBXBuildFile; fileRef = EAEA6253171FECF700A96770 /* TransferCalculationsOperation.m */; };
		EAEA6257172011C500A96770 /* CalculationResult.m in Sources */ = {isa = PBXBuildFile; fileRef = EAEA6256172011C500A96770 /* CalculationResult.m */; };
		EAEA625D17202CB500A96770 /* libTestFlight.a in Frameworks */ = {isa = PBXBuildFile; fileRef = EAEA625917202CB500A96770 /* libTestFlight.a */; };
		EAEA626117202D6100A96770 /* libz.dylib in Frameworks */ = {isa = PBXBuildFile; fileRef = EAEA626017202D6100A96770 /* libz.dylib */; };
/* End PBXBuildFile section */

/* Begin PBXFileReference section */
		EA13E030171BDF1A0019FBF0 /* TableHeaderView.h */ = {isa = PBXFileReference; fileEncoding = 4; lastKnownFileType = sourcecode.c.h; path = TableHeaderView.h; sourceTree = "<group>"; };
		EA13E031171BDF1A0019FBF0 /* TableHeaderView.m */ = {isa = PBXFileReference; fileEncoding = 4; lastKnownFileType = sourcecode.c.objc; path = TableHeaderView.m; sourceTree = "<group>"; };
		EA13E034171BE1210019FBF0 /* MoneyEntryCell.h */ = {isa = PBXFileReference; fileEncoding = 4; lastKnownFileType = sourcecode.c.h; path = MoneyEntryCell.h; sourceTree = "<group>"; };
		EA13E035171BE1210019FBF0 /* MoneyEntryCell.m */ = {isa = PBXFileReference; fileEncoding = 4; lastKnownFileType = sourcecode.c.objc; path = MoneyEntryCell.m; sourceTree = "<group>"; };
		EA13E037171BE12E0019FBF0 /* MoneyEntryCell.xib */ = {isa = PBXFileReference; fileEncoding = 4; lastKnownFileType = file.xib; path = MoneyEntryCell.xib; sourceTree = "<group>"; };
		EA13E03C171BE9B00019FBF0 /* LoginViewController.h */ = {isa = PBXFileReference; fileEncoding = 4; lastKnownFileType = sourcecode.c.h; path = LoginViewController.h; sourceTree = "<group>"; };
		EA13E03D171BE9B00019FBF0 /* LoginViewController.m */ = {isa = PBXFileReference; fileEncoding = 4; lastKnownFileType = sourcecode.c.objc; path = LoginViewController.m; sourceTree = "<group>"; };
		EA13E03E171BE9B00019FBF0 /* LoginViewController.xib */ = {isa = PBXFileReference; fileEncoding = 4; lastKnownFileType = file.xib; path = LoginViewController.xib; sourceTree = "<group>"; };
		EA13E042171BEB010019FBF0 /* UIColor+Theme.h */ = {isa = PBXFileReference; fileEncoding = 4; lastKnownFileType = sourcecode.c.h; path = "UIColor+Theme.h"; sourceTree = "<group>"; };
		EA13E043171BEB010019FBF0 /* UIColor+Theme.m */ = {isa = PBXFileReference; fileEncoding = 4; lastKnownFileType = sourcecode.c.objc; path = "UIColor+Theme.m"; sourceTree = "<group>"; };
		EA13E045171BED910019FBF0 /* TableHeaderView.xib */ = {isa = PBXFileReference; fileEncoding = 4; lastKnownFileType = file.xib; path = TableHeaderView.xib; sourceTree = "<group>"; };
		EA13E047171BEDC40019FBF0 /* UIView+Loading.h */ = {isa = PBXFileReference; fileEncoding = 4; lastKnownFileType = sourcecode.c.h; path = "UIView+Loading.h"; sourceTree = "<group>"; };
		EA13E048171BEDC40019FBF0 /* UIView+Loading.m */ = {isa = PBXFileReference; fileEncoding = 4; lastKnownFileType = sourcecode.c.objc; path = "UIView+Loading.m"; sourceTree = "<group>"; };
		EA13E04A171BEF5D0019FBF0 /* TextEntryCell.h */ = {isa = PBXFileReference; fileEncoding = 4; lastKnownFileType = sourcecode.c.h; path = TextEntryCell.h; sourceTree = "<group>"; };
		EA13E04B171BEF5D0019FBF0 /* TextEntryCell.m */ = {isa = PBXFileReference; fileEncoding = 4; lastKnownFileType = sourcecode.c.objc; path = TextEntryCell.m; sourceTree = "<group>"; };
		EA13E04D171BEF710019FBF0 /* TextEntryCell.xib */ = {isa = PBXFileReference; fileEncoding = 4; lastKnownFileType = file.xib; path = TextEntryCell.xib; sourceTree = "<group>"; };
		EA8FF67F171D167C0090A658 /* Constants.h */ = {isa = PBXFileReference; lastKnownFileType = sourcecode.c.h; path = Constants.h; sourceTree = "<group>"; wrapsLines = 0; };
		EA8FF680171D19B50090A658 /* NSString+Validation.h */ = {isa = PBXFileReference; fileEncoding = 4; lastKnownFileType = sourcecode.c.h; path = "NSString+Validation.h"; sourceTree = "<group>"; };
		EA8FF681171D19B50090A658 /* NSString+Validation.m */ = {isa = PBXFileReference; fileEncoding = 4; lastKnownFileType = sourcecode.c.objc; path = "NSString+Validation.m"; sourceTree = "<group>"; };
		EA8FF683171D1A320090A658 /* NSMutableString+Issues.h */ = {isa = PBXFileReference; fileEncoding = 4; lastKnownFileType = sourcecode.c.h; path = "NSMutableString+Issues.h"; sourceTree = "<group>"; };
		EA8FF684171D1A320090A658 /* NSMutableString+Issues.m */ = {isa = PBXFileReference; fileEncoding = 4; lastKnownFileType = sourcecode.c.objc; path = "NSMutableString+Issues.m"; sourceTree = "<group>"; };
		EA8FF686171D1B6D0090A658 /* UIApplication+Keyboard.h */ = {isa = PBXFileReference; fileEncoding = 4; lastKnownFileType = sourcecode.c.h; path = "UIApplication+Keyboard.h"; sourceTree = "<group>"; };
		EA8FF687171D1B6D0090A658 /* UIApplication+Keyboard.m */ = {isa = PBXFileReference; fileEncoding = 4; lastKnownFileType = sourcecode.c.objc; path = "UIApplication+Keyboard.m"; sourceTree = "<group>"; };
		EA8FF689171D1FA50090A658 /* TRWAlertView.h */ = {isa = PBXFileReference; fileEncoding = 4; lastKnownFileType = sourcecode.c.h; path = TRWAlertView.h; sourceTree = "<group>"; };
		EA8FF68A171D1FA50090A658 /* TRWAlertView.m */ = {isa = PBXFileReference; fileEncoding = 4; lastKnownFileType = sourcecode.c.objc; path = TRWAlertView.m; sourceTree = "<group>"; };
		EA8FF68E171D221D0090A658 /* AFHTTPClient.h */ = {isa = PBXFileReference; fileEncoding = 4; lastKnownFileType = sourcecode.c.h; path = AFHTTPClient.h; sourceTree = "<group>"; };
		EA8FF68F171D221D0090A658 /* AFHTTPClient.m */ = {isa = PBXFileReference; fileEncoding = 4; lastKnownFileType = sourcecode.c.objc; path = AFHTTPClient.m; sourceTree = "<group>"; };
		EA8FF690171D221D0090A658 /* AFHTTPRequestOperation.h */ = {isa = PBXFileReference; fileEncoding = 4; lastKnownFileType = sourcecode.c.h; path = AFHTTPRequestOperation.h; sourceTree = "<group>"; };
		EA8FF691171D221D0090A658 /* AFHTTPRequestOperation.m */ = {isa = PBXFileReference; fileEncoding = 4; lastKnownFileType = sourcecode.c.objc; path = AFHTTPRequestOperation.m; sourceTree = "<group>"; };
		EA8FF692171D221D0090A658 /* AFImageRequestOperation.h */ = {isa = PBXFileReference; fileEncoding = 4; lastKnownFileType = sourcecode.c.h; path = AFImageRequestOperation.h; sourceTree = "<group>"; };
		EA8FF693171D221D0090A658 /* AFImageRequestOperation.m */ = {isa = PBXFileReference; fileEncoding = 4; lastKnownFileType = sourcecode.c.objc; path = AFImageRequestOperation.m; sourceTree = "<group>"; };
		EA8FF694171D221D0090A658 /* AFJSONRequestOperation.h */ = {isa = PBXFileReference; fileEncoding = 4; lastKnownFileType = sourcecode.c.h; path = AFJSONRequestOperation.h; sourceTree = "<group>"; };
		EA8FF695171D221D0090A658 /* AFJSONRequestOperation.m */ = {isa = PBXFileReference; fileEncoding = 4; lastKnownFileType = sourcecode.c.objc; path = AFJSONRequestOperation.m; sourceTree = "<group>"; };
		EA8FF696171D221D0090A658 /* AFNetworkActivityIndicatorManager.h */ = {isa = PBXFileReference; fileEncoding = 4; lastKnownFileType = sourcecode.c.h; path = AFNetworkActivityIndicatorManager.h; sourceTree = "<group>"; };
		EA8FF697171D221D0090A658 /* AFNetworkActivityIndicatorManager.m */ = {isa = PBXFileReference; fileEncoding = 4; lastKnownFileType = sourcecode.c.objc; path = AFNetworkActivityIndicatorManager.m; sourceTree = "<group>"; };
		EA8FF698171D221D0090A658 /* AFNetworking.h */ = {isa = PBXFileReference; fileEncoding = 4; lastKnownFileType = sourcecode.c.h; path = AFNetworking.h; sourceTree = "<group>"; };
		EA8FF699171D221D0090A658 /* AFPropertyListRequestOperation.h */ = {isa = PBXFileReference; fileEncoding = 4; lastKnownFileType = sourcecode.c.h; path = AFPropertyListRequestOperation.h; sourceTree = "<group>"; };
		EA8FF69A171D221D0090A658 /* AFPropertyListRequestOperation.m */ = {isa = PBXFileReference; fileEncoding = 4; lastKnownFileType = sourcecode.c.objc; path = AFPropertyListRequestOperation.m; sourceTree = "<group>"; };
		EA8FF69B171D221D0090A658 /* AFURLConnectionOperation.h */ = {isa = PBXFileReference; fileEncoding = 4; lastKnownFileType = sourcecode.c.h; path = AFURLConnectionOperation.h; sourceTree = "<group>"; };
		EA8FF69C171D221D0090A658 /* AFURLConnectionOperation.m */ = {isa = PBXFileReference; fileEncoding = 4; lastKnownFileType = sourcecode.c.objc; path = AFURLConnectionOperation.m; sourceTree = "<group>"; };
		EA8FF69D171D221D0090A658 /* AFXMLRequestOperation.h */ = {isa = PBXFileReference; fileEncoding = 4; lastKnownFileType = sourcecode.c.h; path = AFXMLRequestOperation.h; sourceTree = "<group>"; };
		EA8FF69E171D221D0090A658 /* AFXMLRequestOperation.m */ = {isa = PBXFileReference; fileEncoding = 4; lastKnownFileType = sourcecode.c.objc; path = AFXMLRequestOperation.m; sourceTree = "<group>"; };
		EA8FF69F171D221D0090A658 /* UIImageView+AFNetworking.h */ = {isa = PBXFileReference; fileEncoding = 4; lastKnownFileType = sourcecode.c.h; path = "UIImageView+AFNetworking.h"; sourceTree = "<group>"; };
		EA8FF6A0171D221D0090A658 /* UIImageView+AFNetworking.m */ = {isa = PBXFileReference; fileEncoding = 4; lastKnownFileType = sourcecode.c.objc; path = "UIImageView+AFNetworking.m"; sourceTree = "<group>"; };
		EA8FF6AA171D222E0090A658 /* SystemConfiguration.framework */ = {isa = PBXFileReference; lastKnownFileType = wrapper.framework; name = SystemConfiguration.framework; path = System/Library/Frameworks/SystemConfiguration.framework; sourceTree = SDKROOT; };
		EA8FF6AC171D22340090A658 /* MobileCoreServices.framework */ = {isa = PBXFileReference; lastKnownFileType = wrapper.framework; name = MobileCoreServices.framework; path = System/Library/Frameworks/MobileCoreServices.framework; sourceTree = SDKROOT; };
		EA8FF6AF171D237C0090A658 /* MBProgressHUD.h */ = {isa = PBXFileReference; fileEncoding = 4; lastKnownFileType = sourcecode.c.h; path = MBProgressHUD.h; sourceTree = "<group>"; };
		EA8FF6B0171D237C0090A658 /* MBProgressHUD.m */ = {isa = PBXFileReference; fileEncoding = 4; lastKnownFileType = sourcecode.c.objc; path = MBProgressHUD.m; sourceTree = "<group>"; };
		EA8FF6B2171D23B20090A658 /* TRWProgressHUD.h */ = {isa = PBXFileReference; fileEncoding = 4; lastKnownFileType = sourcecode.c.h; path = TRWProgressHUD.h; sourceTree = "<group>"; };
		EA8FF6B3171D23B20090A658 /* TRWProgressHUD.m */ = {isa = PBXFileReference; fileEncoding = 4; lastKnownFileType = sourcecode.c.objc; path = TRWProgressHUD.m; sourceTree = "<group>"; };
		EA8FF6B6171D25C20090A658 /* TransferwiseOperation.h */ = {isa = PBXFileReference; fileEncoding = 4; lastKnownFileType = sourcecode.c.h; path = TransferwiseOperation.h; sourceTree = "<group>"; };
		EA8FF6B7171D25C20090A658 /* TransferwiseOperation.m */ = {isa = PBXFileReference; fileEncoding = 4; lastKnownFileType = sourcecode.c.objc; path = TransferwiseOperation.m; sourceTree = "<group>"; };
		EA8FF6B9171D26A00090A658 /* LoginOperation.h */ = {isa = PBXFileReference; fileEncoding = 4; lastKnownFileType = sourcecode.c.h; path = LoginOperation.h; sourceTree = "<group>"; };
		EA8FF6BA171D26A00090A658 /* LoginOperation.m */ = {isa = PBXFileReference; fileEncoding = 4; lastKnownFileType = sourcecode.c.objc; path = LoginOperation.m; sourceTree = "<group>"; };
		EA8FF6BC171D30B60090A658 /* TransferwiseOperation+Private.h */ = {isa = PBXFileReference; lastKnownFileType = sourcecode.c.h; path = "TransferwiseOperation+Private.h"; sourceTree = "<group>"; };
		EAAA1468171BC911005B9430 /* Transfer.app */ = {isa = PBXFileReference; explicitFileType = wrapper.application; includeInIndex = 0; path = Transfer.app; sourceTree = BUILT_PRODUCTS_DIR; };
		EAAA146B171BC911005B9430 /* UIKit.framework */ = {isa = PBXFileReference; lastKnownFileType = wrapper.framework; name = UIKit.framework; path = System/Library/Frameworks/UIKit.framework; sourceTree = SDKROOT; };
		EAAA146D171BC911005B9430 /* Foundation.framework */ = {isa = PBXFileReference; lastKnownFileType = wrapper.framework; name = Foundation.framework; path = System/Library/Frameworks/Foundation.framework; sourceTree = SDKROOT; };
		EAAA146F171BC911005B9430 /* CoreGraphics.framework */ = {isa = PBXFileReference; lastKnownFileType = wrapper.framework; name = CoreGraphics.framework; path = System/Library/Frameworks/CoreGraphics.framework; sourceTree = SDKROOT; };
		EAAA1471171BC911005B9430 /* CoreData.framework */ = {isa = PBXFileReference; lastKnownFileType = wrapper.framework; name = CoreData.framework; path = System/Library/Frameworks/CoreData.framework; sourceTree = SDKROOT; };
		EAAA1475171BC911005B9430 /* Transfer-Info.plist */ = {isa = PBXFileReference; lastKnownFileType = text.plist.xml; path = "Transfer-Info.plist"; sourceTree = "<group>"; };
		EAAA1477171BC911005B9430 /* en */ = {isa = PBXFileReference; lastKnownFileType = text.plist.strings; name = en; path = en.lproj/InfoPlist.strings; sourceTree = "<group>"; };
		EAAA1479171BC911005B9430 /* main.m */ = {isa = PBXFileReference; lastKnownFileType = sourcecode.c.objc; path = main.m; sourceTree = "<group>"; };
		EAAA147B171BC911005B9430 /* Transfer-Prefix.pch */ = {isa = PBXFileReference; lastKnownFileType = sourcecode.c.h; path = "Transfer-Prefix.pch"; sourceTree = "<group>"; };
		EAAA147C171BC911005B9430 /* AppDelegate.h */ = {isa = PBXFileReference; lastKnownFileType = sourcecode.c.h; path = AppDelegate.h; sourceTree = "<group>"; };
		EAAA147D171BC911005B9430 /* AppDelegate.m */ = {isa = PBXFileReference; lastKnownFileType = sourcecode.c.objc; path = AppDelegate.m; sourceTree = "<group>"; };
		EAAA147F171BC911005B9430 /* Default.png */ = {isa = PBXFileReference; lastKnownFileType = image.png; path = Default.png; sourceTree = "<group>"; };
		EAAA1481171BC911005B9430 /* Default@2x.png */ = {isa = PBXFileReference; lastKnownFileType = image.png; path = "Default@2x.png"; sourceTree = "<group>"; };
		EAAA1483171BC911005B9430 /* Default-568h@2x.png */ = {isa = PBXFileReference; lastKnownFileType = image.png; path = "Default-568h@2x.png"; sourceTree = "<group>"; };
		EAAA1486171BC911005B9430 /* Transfer.xcdatamodel */ = {isa = PBXFileReference; lastKnownFileType = wrapper.xcdatamodel; path = Transfer.xcdatamodel; sourceTree = "<group>"; };
		EAAA148F171BD07E005B9430 /* en */ = {isa = PBXFileReference; lastKnownFileType = text.plist.strings; name = en; path = en.lproj/Localizable.strings; sourceTree = "<group>"; };
		EAB72150171FC34600DE29F5 /* NavBarButton.png */ = {isa = PBXFileReference; lastKnownFileType = image.png; path = NavBarButton.png; sourceTree = "<group>"; };
		EAB72151171FC34600DE29F5 /* NavBarButton@2x.png */ = {isa = PBXFileReference; lastKnownFileType = image.png; path = "NavBarButton@2x.png"; sourceTree = "<group>"; };
		EAB72154171FC3E900DE29F5 /* SettingsButtonIcon.png */ = {isa = PBXFileReference; lastKnownFileType = image.png; path = SettingsButtonIcon.png; sourceTree = "<group>"; };
		EAB72155171FC3E900DE29F5 /* SettingsButtonIcon@2x.png */ = {isa = PBXFileReference; lastKnownFileType = image.png; path = "SettingsButtonIcon@2x.png"; sourceTree = "<group>"; };
		EAB72158171FC61B00DE29F5 /* SettingsViewController.h */ = {isa = PBXFileReference; fileEncoding = 4; lastKnownFileType = sourcecode.c.h; path = SettingsViewController.h; sourceTree = "<group>"; };
		EAB72159171FC61B00DE29F5 /* SettingsViewController.m */ = {isa = PBXFileReference; fileEncoding = 4; lastKnownFileType = sourcecode.c.objc; path = SettingsViewController.m; sourceTree = "<group>"; };
		EAB7215A171FC61B00DE29F5 /* SettingsViewController.xib */ = {isa = PBXFileReference; fileEncoding = 4; lastKnownFileType = file.xib; path = SettingsViewController.xib; sourceTree = "<group>"; };
		EAB7215D171FCAAC00DE29F5 /* SettingsTitleCell.h */ = {isa = PBXFileReference; fileEncoding = 4; lastKnownFileType = sourcecode.c.h; path = SettingsTitleCell.h; sourceTree = "<group>"; };
		EAB7215E171FCAAC00DE29F5 /* SettingsTitleCell.m */ = {isa = PBXFileReference; fileEncoding = 4; lastKnownFileType = sourcecode.c.objc; path = SettingsTitleCell.m; sourceTree = "<group>"; };
		EAB72160171FCAB900DE29F5 /* SettingsTitleCell.xib */ = {isa = PBXFileReference; fileEncoding = 4; lastKnownFileType = file.xib; path = SettingsTitleCell.xib; sourceTree = "<group>"; };
		EAB72163171FDC7F00DE29F5 /* MoneyCalculator.h */ = {isa = PBXFileReference; fileEncoding = 4; lastKnownFileType = sourcecode.c.h; path = MoneyCalculator.h; sourceTree = "<group>"; };
		EAB72164171FDC7F00DE29F5 /* MoneyCalculator.m */ = {isa = PBXFileReference; fileEncoding = 4; lastKnownFileType = sourcecode.c.objc; path = MoneyCalculator.m; sourceTree = "<group>"; };
		EAC5CF0017266AFF004A7663 /* Recipient.h */ = {isa = PBXFileReference; fileEncoding = 4; lastKnownFileType = sourcecode.c.h; path = Recipient.h; sourceTree = "<group>"; };
		EAC5CF0117266AFF004A7663 /* Recipient.m */ = {isa = PBXFileReference; fileEncoding = 4; lastKnownFileType = sourcecode.c.objc; path = Recipient.m; sourceTree = "<group>"; };
		EAC5CF04172672CA004A7663 /* Credentials.h */ = {isa = PBXFileReference; fileEncoding = 4; lastKnownFileType = sourcecode.c.h; path = Credentials.h; sourceTree = "<group>"; };
		EAC5CF05172672CA004A7663 /* Credentials.m */ = {isa = PBXFileReference; fileEncoding = 4; lastKnownFileType = sourcecode.c.objc; path = Credentials.m; sourceTree = "<group>"; };
		EAC5CF0717267BC4004A7663 /* UserDetailsOperation.h */ = {isa = PBXFileReference; fileEncoding = 4; lastKnownFileType = sourcecode.c.h; path = UserDetailsOperation.h; sourceTree = "<group>"; };
		EAC5CF0817267BC4004A7663 /* UserDetailsOperation.m */ = {isa = PBXFileReference; fileEncoding = 4; lastKnownFileType = sourcecode.c.objc; path = UserDetailsOperation.m; sourceTree = "<group>"; };
		EAC5CF0D17267EC5004A7663 /* ProfileDetails.h */ = {isa = PBXFileReference; fileEncoding = 4; lastKnownFileType = sourcecode.c.h; path = ProfileDetails.h; sourceTree = "<group>"; };
		EAC5CF0E17267EC5004A7663 /* ProfileDetails.m */ = {isa = PBXFileReference; fileEncoding = 4; lastKnownFileType = sourcecode.c.objc; path = ProfileDetails.m; sourceTree = "<group>"; };
		EAC5CF331727B8FE004A7663 /* TransferwiseClient.h */ = {isa = PBXFileReference; fileEncoding = 4; lastKnownFileType = sourcecode.c.h; path = TransferwiseClient.h; sourceTree = "<group>"; };
		EAC5CF341727B8FE004A7663 /* TransferwiseClient.m */ = {isa = PBXFileReference; fileEncoding = 4; lastKnownFileType = sourcecode.c.objc; path = TransferwiseClient.m; sourceTree = "<group>"; };
		EAC5CF361727C153004A7663 /* PersonalProfile.h */ = {isa = PBXFileReference; fileEncoding = 4; lastKnownFileType = sourcecode.c.h; path = PersonalProfile.h; sourceTree = "<group>"; };
		EAC5CF371727C153004A7663 /* PersonalProfile.m */ = {isa = PBXFileReference; fileEncoding = 4; lastKnownFileType = sourcecode.c.objc; path = PersonalProfile.m; sourceTree = "<group>"; };
		EAC5CF391727CCAE004A7663 /* PersonalProfileViewController.h */ = {isa = PBXFileReference; fileEncoding = 4; lastKnownFileType = sourcecode.c.h; path = PersonalProfileViewController.h; sourceTree = "<group>"; };
		EAC5CF3A1727CCAE004A7663 /* PersonalProfileViewController.m */ = {isa = PBXFileReference; fileEncoding = 4; lastKnownFileType = sourcecode.c.objc; path = PersonalProfileViewController.m; sourceTree = "<group>"; };
		EAC5CF3B1727CCAE004A7663 /* PersonalProfileViewController.xib */ = {isa = PBXFileReference; fileEncoding = 4; lastKnownFileType = file.xib; path = PersonalProfileViewController.xib; sourceTree = "<group>"; };
		EAC5CF3E1727D044004A7663 /* NavBarBackButton.png */ = {isa = PBXFileReference; lastKnownFileType = image.png; path = NavBarBackButton.png; sourceTree = "<group>"; };
		EAC5CF3F1727D044004A7663 /* NavBarBackButton@2x.png */ = {isa = PBXFileReference; lastKnownFileType = image.png; path = "NavBarBackButton@2x.png"; sourceTree = "<group>"; };
		EAD39670171BD2A300F6D011 /* ObjectModel.h */ = {isa = PBXFileReference; fileEncoding = 4; lastKnownFileType = sourcecode.c.h; path = ObjectModel.h; sourceTree = "<group>"; };
		EAD39671171BD2A300F6D011 /* ObjectModel.m */ = {isa = PBXFileReference; fileEncoding = 4; lastKnownFileType = sourcecode.c.objc; path = ObjectModel.m; sourceTree = "<group>"; };
		EAD39673171BD4EE00F6D011 /* MainViewController.h */ = {isa = PBXFileReference; fileEncoding = 4; lastKnownFileType = sourcecode.c.h; path = MainViewController.h; sourceTree = "<group>"; };
		EAD39674171BD4EE00F6D011 /* MainViewController.m */ = {isa = PBXFileReference; fileEncoding = 4; lastKnownFileType = sourcecode.c.objc; path = MainViewController.m; sourceTree = "<group>"; };
		EAD39675171BD4EE00F6D011 /* MainViewController.xib */ = {isa = PBXFileReference; fileEncoding = 4; lastKnownFileType = file.xib; path = MainViewController.xib; sourceTree = "<group>"; };
		EAD39678171BD51400F6D011 /* TransactionsViewController.h */ = {isa = PBXFileReference; fileEncoding = 4; lastKnownFileType = sourcecode.c.h; path = TransactionsViewController.h; sourceTree = "<group>"; };
		EAD39679171BD51400F6D011 /* TransactionsViewController.m */ = {isa = PBXFileReference; fileEncoding = 4; lastKnownFileType = sourcecode.c.objc; path = TransactionsViewController.m; sourceTree = "<group>"; };
		EAD3967A171BD51400F6D011 /* TransactionsViewController.xib */ = {isa = PBXFileReference; fileEncoding = 4; lastKnownFileType = file.xib; path = TransactionsViewController.xib; sourceTree = "<group>"; };
		EAD3967D171BD57000F6D011 /* ContactsViewController.h */ = {isa = PBXFileReference; fileEncoding = 4; lastKnownFileType = sourcecode.c.h; path = ContactsViewController.h; sourceTree = "<group>"; };
		EAD3967E171BD57000F6D011 /* ContactsViewController.m */ = {isa = PBXFileReference; fileEncoding = 4; lastKnownFileType = sourcecode.c.objc; path = ContactsViewController.m; sourceTree = "<group>"; };
		EAD3967F171BD57000F6D011 /* ContactsViewController.xib */ = {isa = PBXFileReference; fileEncoding = 4; lastKnownFileType = file.xib; path = ContactsViewController.xib; sourceTree = "<group>"; };
		EAD39682171BD5B000F6D011 /* PaymentViewController.h */ = {isa = PBXFileReference; fileEncoding = 4; lastKnownFileType = sourcecode.c.h; path = PaymentViewController.h; sourceTree = "<group>"; };
		EAD39683171BD5B000F6D011 /* PaymentViewController.m */ = {isa = PBXFileReference; fileEncoding = 4; lastKnownFileType = sourcecode.c.objc; path = PaymentViewController.m; sourceTree = "<group>"; };
		EAD39684171BD5B000F6D011 /* PaymentViewController.xib */ = {isa = PBXFileReference; fileEncoding = 4; lastKnownFileType = file.xib; path = PaymentViewController.xib; sourceTree = "<group>"; };
		EAD39687171BD82300F6D011 /* IntroductionViewController.h */ = {isa = PBXFileReference; fileEncoding = 4; lastKnownFileType = sourcecode.c.h; path = IntroductionViewController.h; sourceTree = "<group>"; };
		EAD39688171BD82300F6D011 /* IntroductionViewController.m */ = {isa = PBXFileReference; fileEncoding = 4; lastKnownFileType = sourcecode.c.objc; path = IntroductionViewController.m; sourceTree = "<group>"; };
		EAD39689171BD82300F6D011 /* IntroductionViewController.xib */ = {isa = PBXFileReference; fileEncoding = 4; lastKnownFileType = file.xib; path = IntroductionViewController.xib; sourceTree = "<group>"; };
		EAD73688171E6CB100A037B1 /* GrayButton.h */ = {isa = PBXFileReference; fileEncoding = 4; lastKnownFileType = sourcecode.c.h; path = GrayButton.h; sourceTree = "<group>"; };
		EAD73689171E6CB100A037B1 /* GrayButton.m */ = {isa = PBXFileReference; fileEncoding = 4; lastKnownFileType = sourcecode.c.objc; path = GrayButton.m; sourceTree = "<group>"; };
		EAD7368B171E6D5A00A037B1 /* GrayButton.png */ = {isa = PBXFileReference; lastKnownFileType = image.png; path = GrayButton.png; sourceTree = "<group>"; };
		EAD7368C171E6D5A00A037B1 /* GrayButton@2x.png */ = {isa = PBXFileReference; lastKnownFileType = image.png; path = "GrayButton@2x.png"; sourceTree = "<group>"; };
		EAD73690171E7A1D00A037B1 /* Lockbox.h */ = {isa = PBXFileReference; fileEncoding = 4; lastKnownFileType = sourcecode.c.h; path = Lockbox.h; sourceTree = "<group>"; };
		EAD73691171E7A1D00A037B1 /* Lockbox.m */ = {isa = PBXFileReference; fileEncoding = 4; lastKnownFileType = sourcecode.c.objc; path = Lockbox.m; sourceTree = "<group>"; };
		EAD73693171E7A3200A037B1 /* Security.framework */ = {isa = PBXFileReference; lastKnownFileType = wrapper.framework; name = Security.framework; path = System/Library/Frameworks/Security.framework; sourceTree = SDKROOT; };
		EAD736A0171E85C300A037B1 /* RecipientCell.h */ = {isa = PBXFileReference; fileEncoding = 4; lastKnownFileType = sourcecode.c.h; path = RecipientCell.h; sourceTree = "<group>"; };
		EAD736A1171E85C300A037B1 /* RecipientCell.m */ = {isa = PBXFileReference; fileEncoding = 4; lastKnownFileType = sourcecode.c.objc; path = RecipientCell.m; sourceTree = "<group>"; };
		EAD736A3171E85D100A037B1 /* RecipientCell.xib */ = {isa = PBXFileReference; fileEncoding = 4; lastKnownFileType = file.xib; path = RecipientCell.xib; sourceTree = "<group>"; };
		EAD736A5171E87ED00A037B1 /* UserRecipientsOperation.h */ = {isa = PBXFileReference; fileEncoding = 4; lastKnownFileType = sourcecode.c.h; path = UserRecipientsOperation.h; sourceTree = "<group>"; };
		EAD736A6171E87ED00A037B1 /* UserRecipientsOperation.m */ = {isa = PBXFileReference; fileEncoding = 4; lastKnownFileType = sourcecode.c.objc; path = UserRecipientsOperation.m; sourceTree = "<group>"; };
		EAD7D4C0171D43440099063F /* NSDictionary+SensibleData.h */ = {isa = PBXFileReference; fileEncoding = 4; lastKnownFileType = sourcecode.c.h; path = "NSDictionary+SensibleData.h"; sourceTree = "<group>"; };
		EAD7D4C1171D43440099063F /* NSDictionary+SensibleData.m */ = {isa = PBXFileReference; fileEncoding = 4; lastKnownFileType = sourcecode.c.objc; path = "NSDictionary+SensibleData.m"; sourceTree = "<group>"; };
		EAD7D4C4171D47BE0099063F /* NavigationBar.png */ = {isa = PBXFileReference; lastKnownFileType = image.png; path = NavigationBar.png; sourceTree = "<group>"; };
		EAD7D4C5171D47BE0099063F /* NavigationBar@2x.png */ = {isa = PBXFileReference; lastKnownFileType = image.png; path = "NavigationBar@2x.png"; sourceTree = "<group>"; };
		EAD7D4C8171D4B080099063F /* BlueButton.png */ = {isa = PBXFileReference; lastKnownFileType = image.png; path = BlueButton.png; sourceTree = "<group>"; };
		EAD7D4C9171D4B080099063F /* BlueButton@2x.png */ = {isa = PBXFileReference; lastKnownFileType = image.png; path = "BlueButton@2x.png"; sourceTree = "<group>"; };
		EAD7D4CC171D4B4C0099063F /* UIButton+Skinning.h */ = {isa = PBXFileReference; fileEncoding = 4; lastKnownFileType = sourcecode.c.h; path = "UIButton+Skinning.h"; sourceTree = "<group>"; };
		EAD7D4CD171D4B4C0099063F /* UIButton+Skinning.m */ = {isa = PBXFileReference; fileEncoding = 4; lastKnownFileType = sourcecode.c.objc; path = "UIButton+Skinning.m"; sourceTree = "<group>"; };
		EAD7D4CF171D4BB20099063F /* BlueButton.h */ = {isa = PBXFileReference; fileEncoding = 4; lastKnownFileType = sourcecode.c.h; path = BlueButton.h; sourceTree = "<group>"; };
		EAD7D4D0171D4BB20099063F /* BlueButton.m */ = {isa = PBXFileReference; fileEncoding = 4; lastKnownFileType = sourcecode.c.objc; path = BlueButton.m; sourceTree = "<group>"; };
		EAEA6252171FECF700A96770 /* TransferCalculationsOperation.h */ = {isa = PBXFileReference; fileEncoding = 4; lastKnownFileType = sourcecode.c.h; path = TransferCalculationsOperation.h; sourceTree = "<group>"; };
		EAEA6253171FECF700A96770 /* TransferCalculationsOperation.m */ = {isa = PBXFileReference; fileEncoding = 4; lastKnownFileType = sourcecode.c.objc; path = TransferCalculationsOperation.m; sourceTree = "<group>"; };
		EAEA6255172011C500A96770 /* CalculationResult.h */ = {isa = PBXFileReference; fileEncoding = 4; lastKnownFileType = sourcecode.c.h; path = CalculationResult.h; sourceTree = "<group>"; };
		EAEA6256172011C500A96770 /* CalculationResult.m */ = {isa = PBXFileReference; fileEncoding = 4; lastKnownFileType = sourcecode.c.objc; path = CalculationResult.m; sourceTree = "<group>"; };
		EAEA625917202CB500A96770 /* libTestFlight.a */ = {isa = PBXFileReference; lastKnownFileType = archive.ar; path = libTestFlight.a; sourceTree = "<group>"; };
		EAEA625A17202CB500A96770 /* README.md */ = {isa = PBXFileReference; fileEncoding = 4; lastKnownFileType = text; path = README.md; sourceTree = "<group>"; };
		EAEA625B17202CB500A96770 /* release_notes.md */ = {isa = PBXFileReference; fileEncoding = 4; lastKnownFileType = text; path = release_notes.md; sourceTree = "<group>"; };
		EAEA625C17202CB500A96770 /* TestFlight.h */ = {isa = PBXFileReference; fileEncoding = 4; lastKnownFileType = sourcecode.c.h; path = TestFlight.h; sourceTree = "<group>"; };
		EAEA626017202D6100A96770 /* libz.dylib */ = {isa = PBXFileReference; lastKnownFileType = "compiled.mach-o.dylib"; name = libz.dylib; path = usr/lib/libz.dylib; sourceTree = SDKROOT; };
/* End PBXFileReference section */

/* Begin PBXFrameworksBuildPhase section */
		EAAA1465171BC911005B9430 /* Frameworks */ = {
			isa = PBXFrameworksBuildPhase;
			buildActionMask = 2147483647;
			files = (
				EAEA626117202D6100A96770 /* libz.dylib in Frameworks */,
				EAD73694171E7A3200A037B1 /* Security.framework in Frameworks */,
				EA8FF6AD171D22340090A658 /* MobileCoreServices.framework in Frameworks */,
				EA8FF6AB171D222E0090A658 /* SystemConfiguration.framework in Frameworks */,
				EAAA146C171BC911005B9430 /* UIKit.framework in Frameworks */,
				EAAA146E171BC911005B9430 /* Foundation.framework in Frameworks */,
				EAAA1470171BC911005B9430 /* CoreGraphics.framework in Frameworks */,
				EAAA1472171BC911005B9430 /* CoreData.framework in Frameworks */,
				EAEA625D17202CB500A96770 /* libTestFlight.a in Frameworks */,
			);
			runOnlyForDeploymentPostprocessing = 0;
		};
/* End PBXFrameworksBuildPhase section */

/* Begin PBXGroup section */
		EA13E02F171BDF050019FBF0 /* Views */ = {
			isa = PBXGroup;
			children = (
				EAD7D4CF171D4BB20099063F /* BlueButton.h */,
				EAD7D4D0171D4BB20099063F /* BlueButton.m */,
				EAD73688171E6CB100A037B1 /* GrayButton.h */,
				EAD73689171E6CB100A037B1 /* GrayButton.m */,
				EA13E030171BDF1A0019FBF0 /* TableHeaderView.h */,
				EA13E031171BDF1A0019FBF0 /* TableHeaderView.m */,
				EA13E045171BED910019FBF0 /* TableHeaderView.xib */,
				EA8FF689171D1FA50090A658 /* TRWAlertView.h */,
				EA8FF68A171D1FA50090A658 /* TRWAlertView.m */,
				EA8FF6B2171D23B20090A658 /* TRWProgressHUD.h */,
				EA8FF6B3171D23B20090A658 /* TRWProgressHUD.m */,
			);
			path = Views;
			sourceTree = "<group>";
		};
		EA13E033171BE0E50019FBF0 /* Cells */ = {
			isa = PBXGroup;
			children = (
				EA13E034171BE1210019FBF0 /* MoneyEntryCell.h */,
				EA13E035171BE1210019FBF0 /* MoneyEntryCell.m */,
				EA13E037171BE12E0019FBF0 /* MoneyEntryCell.xib */,
				EAD736A0171E85C300A037B1 /* RecipientCell.h */,
				EAD736A1171E85C300A037B1 /* RecipientCell.m */,
				EAD736A3171E85D100A037B1 /* RecipientCell.xib */,
				EAB7215D171FCAAC00DE29F5 /* SettingsTitleCell.h */,
				EAB7215E171FCAAC00DE29F5 /* SettingsTitleCell.m */,
				EAB72160171FCAB900DE29F5 /* SettingsTitleCell.xib */,
				EA13E04A171BEF5D0019FBF0 /* TextEntryCell.h */,
				EA13E04B171BEF5D0019FBF0 /* TextEntryCell.m */,
				EA13E04D171BEF710019FBF0 /* TextEntryCell.xib */,
			);
			path = Cells;
			sourceTree = "<group>";
		};
		EA13E041171BEAF00019FBF0 /* Extensions */ = {
			isa = PBXGroup;
			children = (
				EAD7D4C0171D43440099063F /* NSDictionary+SensibleData.h */,
				EAD7D4C1171D43440099063F /* NSDictionary+SensibleData.m */,
				EA8FF683171D1A320090A658 /* NSMutableString+Issues.h */,
				EA8FF684171D1A320090A658 /* NSMutableString+Issues.m */,
				EA8FF680171D19B50090A658 /* NSString+Validation.h */,
				EA8FF681171D19B50090A658 /* NSString+Validation.m */,
				EA8FF686171D1B6D0090A658 /* UIApplication+Keyboard.h */,
				EA8FF687171D1B6D0090A658 /* UIApplication+Keyboard.m */,
				EAD7D4CC171D4B4C0099063F /* UIButton+Skinning.h */,
				EAD7D4CD171D4B4C0099063F /* UIButton+Skinning.m */,
				EA13E042171BEB010019FBF0 /* UIColor+Theme.h */,
				EA13E043171BEB010019FBF0 /* UIColor+Theme.m */,
				EA13E047171BEDC40019FBF0 /* UIView+Loading.h */,
				EA13E048171BEDC40019FBF0 /* UIView+Loading.m */,
			);
			path = Extensions;
			sourceTree = "<group>";
		};
		EA8FF68C171D22080090A658 /* Thirdparty */ = {
			isa = PBXGroup;
			children = (
				EA8FF68D171D221D0090A658 /* AFNetworking */,
				EAD7368F171E7A1D00A037B1 /* LockBox */,
				EA8FF6AE171D237C0090A658 /* MBProgressHUD */,
				EAEA625817202CB500A96770 /* TestFlightSDK1.2.4 */,
			);
			path = Thirdparty;
			sourceTree = "<group>";
		};
		EA8FF68D171D221D0090A658 /* AFNetworking */ = {
			isa = PBXGroup;
			children = (
				EA8FF68E171D221D0090A658 /* AFHTTPClient.h */,
				EA8FF68F171D221D0090A658 /* AFHTTPClient.m */,
				EA8FF690171D221D0090A658 /* AFHTTPRequestOperation.h */,
				EA8FF691171D221D0090A658 /* AFHTTPRequestOperation.m */,
				EA8FF692171D221D0090A658 /* AFImageRequestOperation.h */,
				EA8FF693171D221D0090A658 /* AFImageRequestOperation.m */,
				EA8FF694171D221D0090A658 /* AFJSONRequestOperation.h */,
				EA8FF695171D221D0090A658 /* AFJSONRequestOperation.m */,
				EA8FF696171D221D0090A658 /* AFNetworkActivityIndicatorManager.h */,
				EA8FF697171D221D0090A658 /* AFNetworkActivityIndicatorManager.m */,
				EA8FF698171D221D0090A658 /* AFNetworking.h */,
				EA8FF699171D221D0090A658 /* AFPropertyListRequestOperation.h */,
				EA8FF69A171D221D0090A658 /* AFPropertyListRequestOperation.m */,
				EA8FF69B171D221D0090A658 /* AFURLConnectionOperation.h */,
				EA8FF69C171D221D0090A658 /* AFURLConnectionOperation.m */,
				EA8FF69D171D221D0090A658 /* AFXMLRequestOperation.h */,
				EA8FF69E171D221D0090A658 /* AFXMLRequestOperation.m */,
				EA8FF69F171D221D0090A658 /* UIImageView+AFNetworking.h */,
				EA8FF6A0171D221D0090A658 /* UIImageView+AFNetworking.m */,
			);
			path = AFNetworking;
			sourceTree = "<group>";
		};
		EA8FF6AE171D237C0090A658 /* MBProgressHUD */ = {
			isa = PBXGroup;
			children = (
				EA8FF6AF171D237C0090A658 /* MBProgressHUD.h */,
				EA8FF6B0171D237C0090A658 /* MBProgressHUD.m */,
			);
			path = MBProgressHUD;
			sourceTree = "<group>";
		};
		EA8FF6B5171D25530090A658 /* Network */ = {
			isa = PBXGroup;
			children = (
				EA8FF6B9171D26A00090A658 /* LoginOperation.h */,
				EA8FF6BA171D26A00090A658 /* LoginOperation.m */,
				EAEA6252171FECF700A96770 /* TransferCalculationsOperation.h */,
				EAEA6253171FECF700A96770 /* TransferCalculationsOperation.m */,
				EAC5CF331727B8FE004A7663 /* TransferwiseClient.h */,
				EAC5CF341727B8FE004A7663 /* TransferwiseClient.m */,
				EA8FF6BC171D30B60090A658 /* TransferwiseOperation+Private.h */,
				EA8FF6B6171D25C20090A658 /* TransferwiseOperation.h */,
				EA8FF6B7171D25C20090A658 /* TransferwiseOperation.m */,
				EAC5CF0717267BC4004A7663 /* UserDetailsOperation.h */,
				EAC5CF0817267BC4004A7663 /* UserDetailsOperation.m */,
				EAD736A5171E87ED00A037B1 /* UserRecipientsOperation.h */,
				EAD736A6171E87ED00A037B1 /* UserRecipientsOperation.m */,
			);
			path = Network;
			sourceTree = "<group>";
		};
		EAAA145F171BC911005B9430 = {
			isa = PBXGroup;
			children = (
				EAAA1473171BC911005B9430 /* Transfer */,
				EAAA146A171BC911005B9430 /* Frameworks */,
				EAAA1469171BC911005B9430 /* Products */,
				EA8FF68C171D22080090A658 /* Thirdparty */,
			);
			sourceTree = "<group>";
		};
		EAAA1469171BC911005B9430 /* Products */ = {
			isa = PBXGroup;
			children = (
				EAAA1468171BC911005B9430 /* Transfer.app */,
			);
			name = Products;
			sourceTree = "<group>";
		};
		EAAA146A171BC911005B9430 /* Frameworks */ = {
			isa = PBXGroup;
			children = (
				EAAA1471171BC911005B9430 /* CoreData.framework */,
				EAAA146F171BC911005B9430 /* CoreGraphics.framework */,
				EAAA146D171BC911005B9430 /* Foundation.framework */,
				EAEA626017202D6100A96770 /* libz.dylib */,
				EA8FF6AC171D22340090A658 /* MobileCoreServices.framework */,
				EAD73693171E7A3200A037B1 /* Security.framework */,
				EA8FF6AA171D222E0090A658 /* SystemConfiguration.framework */,
				EAAA146B171BC911005B9430 /* UIKit.framework */,
			);
			name = Frameworks;
			sourceTree = "<group>";
		};
		EAAA1473171BC911005B9430 /* Transfer */ = {
			isa = PBXGroup;
			children = (
				EA13E033171BE0E50019FBF0 /* Cells */,
				EAC5CF03172672BD004A7663 /* Credentials */,
				EA13E041171BEAF00019FBF0 /* Extensions */,
				EAC5CEFF17266AB2004A7663 /* Model */,
				EA8FF6B5171D25530090A658 /* Network */,
				EAD3966F171BD1DE00F6D011 /* ObjectModel */,
				EAD7D4C3171D475E0099063F /* Resources */,
				EAAA1474171BC911005B9430 /* Supporting Files */,
				EAB72162171FDC6700DE29F5 /* Utils */,
				EAAA148D171BD057005B9430 /* ViewControllers */,
				EA13E02F171BDF050019FBF0 /* Views */,
				EAAA147C171BC911005B9430 /* AppDelegate.h */,
				EAAA147D171BC911005B9430 /* AppDelegate.m */,
				EA8FF67F171D167C0090A658 /* Constants.h */,
			);
			path = Transfer;
			sourceTree = "<group>";
		};
		EAAA1474171BC911005B9430 /* Supporting Files */ = {
			isa = PBXGroup;
			children = (
				EAAA1483171BC911005B9430 /* Default-568h@2x.png */,
				EAAA147F171BC911005B9430 /* Default.png */,
				EAAA1481171BC911005B9430 /* Default@2x.png */,
				EAAA1476171BC911005B9430 /* InfoPlist.strings */,
				EAAA148E171BD07E005B9430 /* Localizable.strings */,
				EAAA1479171BC911005B9430 /* main.m */,
				EAAA1475171BC911005B9430 /* Transfer-Info.plist */,
				EAAA147B171BC911005B9430 /* Transfer-Prefix.pch */,
			);
			name = "Supporting Files";
			sourceTree = "<group>";
		};
		EAAA148D171BD057005B9430 /* ViewControllers */ = {
			isa = PBXGroup;
			children = (
				EAD3967D171BD57000F6D011 /* ContactsViewController.h */,
				EAD3967E171BD57000F6D011 /* ContactsViewController.m */,
				EAD3967F171BD57000F6D011 /* ContactsViewController.xib */,
				EAD39687171BD82300F6D011 /* IntroductionViewController.h */,
				EAD39688171BD82300F6D011 /* IntroductionViewController.m */,
				EAD39689171BD82300F6D011 /* IntroductionViewController.xib */,
				EA13E03C171BE9B00019FBF0 /* LoginViewController.h */,
				EA13E03D171BE9B00019FBF0 /* LoginViewController.m */,
				EA13E03E171BE9B00019FBF0 /* LoginViewController.xib */,
				EAD39673171BD4EE00F6D011 /* MainViewController.h */,
				EAD39674171BD4EE00F6D011 /* MainViewController.m */,
				EAD39675171BD4EE00F6D011 /* MainViewController.xib */,
				EAD39682171BD5B000F6D011 /* PaymentViewController.h */,
				EAD39683171BD5B000F6D011 /* PaymentViewController.m */,
				EAD39684171BD5B000F6D011 /* PaymentViewController.xib */,
				EAC5CF391727CCAE004A7663 /* PersonalProfileViewController.h */,
				EAC5CF3A1727CCAE004A7663 /* PersonalProfileViewController.m */,
				EAC5CF3B1727CCAE004A7663 /* PersonalProfileViewController.xib */,
				EAB72158171FC61B00DE29F5 /* SettingsViewController.h */,
				EAB72159171FC61B00DE29F5 /* SettingsViewController.m */,
				EAB7215A171FC61B00DE29F5 /* SettingsViewController.xib */,
				EAD39678171BD51400F6D011 /* TransactionsViewController.h */,
				EAD39679171BD51400F6D011 /* TransactionsViewController.m */,
				EAD3967A171BD51400F6D011 /* TransactionsViewController.xib */,
			);
			path = ViewControllers;
			sourceTree = "<group>";
		};
		EAB72162171FDC6700DE29F5 /* Utils */ = {
			isa = PBXGroup;
			children = (
				EAEA6255172011C500A96770 /* CalculationResult.h */,
				EAEA6256172011C500A96770 /* CalculationResult.m */,
				EAB72163171FDC7F00DE29F5 /* MoneyCalculator.h */,
				EAB72164171FDC7F00DE29F5 /* MoneyCalculator.m */,
			);
			path = Utils;
			sourceTree = "<group>";
		};
		EAC5CEFF17266AB2004A7663 /* Model */ = {
			isa = PBXGroup;
			children = (
				EAC5CF361727C153004A7663 /* PersonalProfile.h */,
				EAC5CF371727C153004A7663 /* PersonalProfile.m */,
				EAC5CF0D17267EC5004A7663 /* ProfileDetails.h */,
				EAC5CF0E17267EC5004A7663 /* ProfileDetails.m */,
				EAC5CF0017266AFF004A7663 /* Recipient.h */,
				EAC5CF0117266AFF004A7663 /* Recipient.m */,
			);
			path = Model;
			sourceTree = "<group>";
		};
		EAC5CF03172672BD004A7663 /* Credentials */ = {
			isa = PBXGroup;
			children = (
				EAC5CF04172672CA004A7663 /* Credentials.h */,
				EAC5CF05172672CA004A7663 /* Credentials.m */,
			);
			path = Credentials;
			sourceTree = "<group>";
		};
		EAD3966F171BD1DE00F6D011 /* ObjectModel */ = {
			isa = PBXGroup;
			children = (
				EAD73696171E830600A037B1 /* Generated */,
				EAD39670171BD2A300F6D011 /* ObjectModel.h */,
				EAD39671171BD2A300F6D011 /* ObjectModel.m */,
				EAAA1485171BC911005B9430 /* Transfer.xcdatamodeld */,
			);
			path = ObjectModel;
			sourceTree = "<group>";
		};
		EAD7368F171E7A1D00A037B1 /* LockBox */ = {
			isa = PBXGroup;
			children = (
				EAD73690171E7A1D00A037B1 /* Lockbox.h */,
				EAD73691171E7A1D00A037B1 /* Lockbox.m */,
			);
			path = LockBox;
			sourceTree = "<group>";
		};
		EAD73696171E830600A037B1 /* Generated */ = {
			isa = PBXGroup;
			children = (
			);
			name = Generated;
			sourceTree = "<group>";
		};
		EAD7D4C3171D475E0099063F /* Resources */ = {
			isa = PBXGroup;
			children = (
				EAD7D4C8171D4B080099063F /* BlueButton.png */,
				EAD7D4C9171D4B080099063F /* BlueButton@2x.png */,
				EAD7368B171E6D5A00A037B1 /* GrayButton.png */,
				EAD7368C171E6D5A00A037B1 /* GrayButton@2x.png */,
				EAC5CF3E1727D044004A7663 /* NavBarBackButton.png */,
				EAC5CF3F1727D044004A7663 /* NavBarBackButton@2x.png */,
				EAB72150171FC34600DE29F5 /* NavBarButton.png */,
				EAB72151171FC34600DE29F5 /* NavBarButton@2x.png */,
				EAD7D4C4171D47BE0099063F /* NavigationBar.png */,
				EAD7D4C5171D47BE0099063F /* NavigationBar@2x.png */,
				EAB72154171FC3E900DE29F5 /* SettingsButtonIcon.png */,
				EAB72155171FC3E900DE29F5 /* SettingsButtonIcon@2x.png */,
			);
			path = Resources;
			sourceTree = "<group>";
		};
		EAEA625817202CB500A96770 /* TestFlightSDK1.2.4 */ = {
			isa = PBXGroup;
			children = (
				EAEA625917202CB500A96770 /* libTestFlight.a */,
				EAEA625A17202CB500A96770 /* README.md */,
				EAEA625B17202CB500A96770 /* release_notes.md */,
				EAEA625C17202CB500A96770 /* TestFlight.h */,
			);
			path = TestFlightSDK1.2.4;
			sourceTree = "<group>";
		};
/* End PBXGroup section */

/* Begin PBXNativeTarget section */
		EAAA1467171BC911005B9430 /* Transfer */ = {
			isa = PBXNativeTarget;
			buildConfigurationList = EAAA148A171BC911005B9430 /* Build configuration list for PBXNativeTarget "Transfer" */;
			buildPhases = (
				EAAA1464171BC911005B9430 /* Sources */,
				EAAA1465171BC911005B9430 /* Frameworks */,
				EAAA1466171BC911005B9430 /* Resources */,
				EA2B238E17212099001AE9DE /* Version update */,
			);
			buildRules = (
			);
			dependencies = (
			);
			name = Transfer;
			productName = Transfer;
			productReference = EAAA1468171BC911005B9430 /* Transfer.app */;
			productType = "com.apple.product-type.application";
		};
/* End PBXNativeTarget section */

/* Begin PBXProject section */
		EAAA1460171BC911005B9430 /* Project object */ = {
			isa = PBXProject;
			attributes = {
				LastUpgradeCheck = 0460;
				ORGANIZATIONNAME = "Mooncascade OÜ";
			};
			buildConfigurationList = EAAA1463171BC911005B9430 /* Build configuration list for PBXProject "Transfer" */;
			compatibilityVersion = "Xcode 3.2";
			developmentRegion = English;
			hasScannedForEncodings = 0;
			knownRegions = (
				en,
			);
			mainGroup = EAAA145F171BC911005B9430;
			productRefGroup = EAAA1469171BC911005B9430 /* Products */;
			projectDirPath = "";
			projectRoot = "";
			targets = (
				EAAA1467171BC911005B9430 /* Transfer */,
			);
		};
/* End PBXProject section */

/* Begin PBXResourcesBuildPhase section */
		EAAA1466171BC911005B9430 /* Resources */ = {
			isa = PBXResourcesBuildPhase;
			buildActionMask = 2147483647;
			files = (
				EAAA1478171BC911005B9430 /* InfoPlist.strings in Resources */,
				EAAA1480171BC911005B9430 /* Default.png in Resources */,
				EAAA1482171BC911005B9430 /* Default@2x.png in Resources */,
				EAAA1484171BC911005B9430 /* Default-568h@2x.png in Resources */,
				EAAA1490171BD07E005B9430 /* Localizable.strings in Resources */,
				EAD39677171BD4EE00F6D011 /* MainViewController.xib in Resources */,
				EAD3967C171BD51400F6D011 /* TransactionsViewController.xib in Resources */,
				EAD39681171BD57000F6D011 /* ContactsViewController.xib in Resources */,
				EAD39686171BD5B000F6D011 /* PaymentViewController.xib in Resources */,
				EAD3968B171BD82300F6D011 /* IntroductionViewController.xib in Resources */,
				EA13E038171BE12E0019FBF0 /* MoneyEntryCell.xib in Resources */,
				EA13E040171BE9B00019FBF0 /* LoginViewController.xib in Resources */,
				EA13E046171BED910019FBF0 /* TableHeaderView.xib in Resources */,
				EA13E04E171BEF710019FBF0 /* TextEntryCell.xib in Resources */,
				EAD7D4C6171D47BE0099063F /* NavigationBar.png in Resources */,
				EAD7D4C7171D47BE0099063F /* NavigationBar@2x.png in Resources */,
				EAD7D4CA171D4B080099063F /* BlueButton.png in Resources */,
				EAD7D4CB171D4B080099063F /* BlueButton@2x.png in Resources */,
				EAD7368D171E6D5A00A037B1 /* GrayButton.png in Resources */,
				EAD7368E171E6D5A00A037B1 /* GrayButton@2x.png in Resources */,
				EAD736A4171E85D100A037B1 /* RecipientCell.xib in Resources */,
				EAB72152171FC34600DE29F5 /* NavBarButton.png in Resources */,
				EAB72153171FC34600DE29F5 /* NavBarButton@2x.png in Resources */,
				EAB72156171FC3E900DE29F5 /* SettingsButtonIcon.png in Resources */,
				EAB72157171FC3E900DE29F5 /* SettingsButtonIcon@2x.png in Resources */,
				EAB7215C171FC61B00DE29F5 /* SettingsViewController.xib in Resources */,
				EAB72161171FCAB900DE29F5 /* SettingsTitleCell.xib in Resources */,
				EAC5CF3D1727CCAE004A7663 /* PersonalProfileViewController.xib in Resources */,
				EAC5CF401727D044004A7663 /* NavBarBackButton.png in Resources */,
				EAC5CF411727D044004A7663 /* NavBarBackButton@2x.png in Resources */,
			);
			runOnlyForDeploymentPostprocessing = 0;
		};
/* End PBXResourcesBuildPhase section */

/* Begin PBXShellScriptBuildPhase section */
		EA2B238E17212099001AE9DE /* Version update */ = {
			isa = PBXShellScriptBuildPhase;
			buildActionMask = 2147483647;
			files = (
			);
			inputPaths = (
			);
			name = "Version update";
			outputPaths = (
			);
			runOnlyForDeploymentPostprocessing = 0;
			shellPath = /bin/sh;
			shellScript = "echo -n ${TARGET_BUILD_DIR}/${INFOPLIST_PATH} \\\n| xargs -0 /usr/libexec/PlistBuddy -c \"Set :CFBundleVersion `git rev-list HEAD | wc -l`\"";
		};
/* End PBXShellScriptBuildPhase section */

/* Begin PBXSourcesBuildPhase section */
		EAAA1464171BC911005B9430 /* Sources */ = {
			isa = PBXSourcesBuildPhase;
			buildActionMask = 2147483647;
			files = (
				EAAA147A171BC911005B9430 /* main.m in Sources */,
				EAAA147E171BC911005B9430 /* AppDelegate.m in Sources */,
				EAAA1487171BC911005B9430 /* Transfer.xcdatamodeld in Sources */,
				EAD39672171BD2A300F6D011 /* ObjectModel.m in Sources */,
				EAD39676171BD4EE00F6D011 /* MainViewController.m in Sources */,
				EAD3967B171BD51400F6D011 /* TransactionsViewController.m in Sources */,
				EAD39680171BD57000F6D011 /* ContactsViewController.m in Sources */,
				EAD39685171BD5B000F6D011 /* PaymentViewController.m in Sources */,
				EAD3968A171BD82300F6D011 /* IntroductionViewController.m in Sources */,
				EA13E032171BDF1A0019FBF0 /* TableHeaderView.m in Sources */,
				EA13E036171BE1210019FBF0 /* MoneyEntryCell.m in Sources */,
				EA13E03F171BE9B00019FBF0 /* LoginViewController.m in Sources */,
				EA13E044171BEB010019FBF0 /* UIColor+Theme.m in Sources */,
				EA13E049171BEDC40019FBF0 /* UIView+Loading.m in Sources */,
				EA13E04C171BEF5D0019FBF0 /* TextEntryCell.m in Sources */,
				EA8FF682171D19B50090A658 /* NSString+Validation.m in Sources */,
				EA8FF685171D1A320090A658 /* NSMutableString+Issues.m in Sources */,
				EA8FF688171D1B6D0090A658 /* UIApplication+Keyboard.m in Sources */,
				EA8FF68B171D1FA50090A658 /* TRWAlertView.m in Sources */,
				EA8FF6A1171D221D0090A658 /* AFHTTPClient.m in Sources */,
				EA8FF6A2171D221D0090A658 /* AFHTTPRequestOperation.m in Sources */,
				EA8FF6A3171D221D0090A658 /* AFImageRequestOperation.m in Sources */,
				EA8FF6A4171D221D0090A658 /* AFJSONRequestOperation.m in Sources */,
				EA8FF6A5171D221D0090A658 /* AFNetworkActivityIndicatorManager.m in Sources */,
				EA8FF6A6171D221D0090A658 /* AFPropertyListRequestOperation.m in Sources */,
				EA8FF6A7171D221D0090A658 /* AFURLConnectionOperation.m in Sources */,
				EA8FF6A8171D221D0090A658 /* AFXMLRequestOperation.m in Sources */,
				EA8FF6A9171D221D0090A658 /* UIImageView+AFNetworking.m in Sources */,
				EA8FF6B1171D237C0090A658 /* MBProgressHUD.m in Sources */,
				EA8FF6B4171D23B20090A658 /* TRWProgressHUD.m in Sources */,
				EA8FF6B8171D25C20090A658 /* TransferwiseOperation.m in Sources */,
				EA8FF6BB171D26A00090A658 /* LoginOperation.m in Sources */,
				EAD7D4C2171D43440099063F /* NSDictionary+SensibleData.m in Sources */,
				EAD7D4CE171D4B4C0099063F /* UIButton+Skinning.m in Sources */,
				EAD7D4D1171D4BB20099063F /* BlueButton.m in Sources */,
				EAD7368A171E6CB100A037B1 /* GrayButton.m in Sources */,
				EAD73692171E7A1D00A037B1 /* Lockbox.m in Sources */,
				EAD736A2171E85C300A037B1 /* RecipientCell.m in Sources */,
				EAD736A7171E87ED00A037B1 /* UserRecipientsOperation.m in Sources */,
				EAB7215B171FC61B00DE29F5 /* SettingsViewController.m in Sources */,
				EAB7215F171FCAAC00DE29F5 /* SettingsTitleCell.m in Sources */,
				EAB72165171FDC7F00DE29F5 /* MoneyCalculator.m in Sources */,
				EAEA6254171FECF700A96770 /* TransferCalculationsOperation.m in Sources */,
				EAEA6257172011C500A96770 /* CalculationResult.m in Sources */,
				EAC5CF0217266AFF004A7663 /* Recipient.m in Sources */,
				EAC5CF06172672CA004A7663 /* Credentials.m in Sources */,
				EAC5CF0917267BC4004A7663 /* UserDetailsOperation.m in Sources */,
				EAC5CF0F17267EC5004A7663 /* ProfileDetails.m in Sources */,
				EAC5CF351727B8FE004A7663 /* TransferwiseClient.m in Sources */,
				EAC5CF381727C153004A7663 /* PersonalProfile.m in Sources */,
				EAC5CF3C1727CCAE004A7663 /* PersonalProfileViewController.m in Sources */,
			);
			runOnlyForDeploymentPostprocessing = 0;
		};
/* End PBXSourcesBuildPhase section */

/* Begin PBXVariantGroup section */
		EAAA1476171BC911005B9430 /* InfoPlist.strings */ = {
			isa = PBXVariantGroup;
			children = (
				EAAA1477171BC911005B9430 /* en */,
			);
			name = InfoPlist.strings;
			sourceTree = "<group>";
		};
		EAAA148E171BD07E005B9430 /* Localizable.strings */ = {
			isa = PBXVariantGroup;
			children = (
				EAAA148F171BD07E005B9430 /* en */,
			);
			name = Localizable.strings;
			sourceTree = "<group>";
		};
/* End PBXVariantGroup section */

/* Begin XCBuildConfiguration section */
		EAAA1488171BC911005B9430 /* Debug */ = {
			isa = XCBuildConfiguration;
			buildSettings = {
				ALWAYS_SEARCH_USER_PATHS = NO;
				CLANG_CXX_LANGUAGE_STANDARD = "gnu++0x";
				CLANG_CXX_LIBRARY = "libc++";
				CLANG_ENABLE_OBJC_ARC = YES;
				CLANG_WARN_CONSTANT_CONVERSION = YES;
				CLANG_WARN_EMPTY_BODY = YES;
				CLANG_WARN_ENUM_CONVERSION = YES;
				CLANG_WARN_INT_CONVERSION = YES;
				CLANG_WARN__DUPLICATE_METHOD_MATCH = YES;
				"CODE_SIGN_IDENTITY[sdk=iphoneos*]" = "iPhone Developer";
				COPY_PHASE_STRIP = NO;
				GCC_C_LANGUAGE_STANDARD = gnu99;
				GCC_DYNAMIC_NO_PIC = NO;
				GCC_OPTIMIZATION_LEVEL = 0;
				GCC_PREPROCESSOR_DEFINITIONS = (
					"DEBUG=1",
					"$(inherited)",
				);
				GCC_SYMBOLS_PRIVATE_EXTERN = NO;
				GCC_WARN_ABOUT_RETURN_TYPE = YES;
				GCC_WARN_UNINITIALIZED_AUTOS = YES;
				GCC_WARN_UNUSED_VARIABLE = YES;
				IPHONEOS_DEPLOYMENT_TARGET = 5.0;
				ONLY_ACTIVE_ARCH = YES;
				SDKROOT = iphoneos;
			};
			name = Debug;
		};
		EAAA1489171BC911005B9430 /* Release */ = {
			isa = XCBuildConfiguration;
			buildSettings = {
				ALWAYS_SEARCH_USER_PATHS = NO;
				CLANG_CXX_LANGUAGE_STANDARD = "gnu++0x";
				CLANG_CXX_LIBRARY = "libc++";
				CLANG_ENABLE_OBJC_ARC = YES;
				CLANG_WARN_CONSTANT_CONVERSION = YES;
				CLANG_WARN_EMPTY_BODY = YES;
				CLANG_WARN_ENUM_CONVERSION = YES;
				CLANG_WARN_INT_CONVERSION = YES;
				CLANG_WARN__DUPLICATE_METHOD_MATCH = YES;
				"CODE_SIGN_IDENTITY[sdk=iphoneos*]" = "iPhone Developer";
				COPY_PHASE_STRIP = YES;
				GCC_C_LANGUAGE_STANDARD = gnu99;
				GCC_WARN_ABOUT_RETURN_TYPE = YES;
				GCC_WARN_UNINITIALIZED_AUTOS = YES;
				GCC_WARN_UNUSED_VARIABLE = YES;
				IPHONEOS_DEPLOYMENT_TARGET = 5.0;
				OTHER_CFLAGS = "-DNS_BLOCK_ASSERTIONS=1";
				SDKROOT = iphoneos;
				VALIDATE_PRODUCT = YES;
			};
			name = Release;
		};
		EAAA148B171BC911005B9430 /* Debug */ = {
			isa = XCBuildConfiguration;
			buildSettings = {
				CODE_SIGN_IDENTITY = "iPhone Developer: Jaanus Siim (7V62BBBL4N)";
				GCC_PRECOMPILE_PREFIX_HEADER = YES;
				GCC_PREFIX_HEADER = "Transfer/Transfer-Prefix.pch";
				INFOPLIST_FILE = "Transfer/Transfer-Info.plist";
				IPHONEOS_DEPLOYMENT_TARGET = 5.0;
				LIBRARY_SEARCH_PATHS = (
					"$(inherited)",
					"\"$(SRCROOT)/Thirdparty/TestFlightSDK1.2.4\"",
				);
				PRODUCT_NAME = "$(TARGET_NAME)";
				PROVISIONING_PROFILE = "99A7B50D-6AB1-44B8-BB69-3BE5DD01304B";
				WRAPPER_EXTENSION = app;
			};
			name = Debug;
		};
		EAAA148C171BC911005B9430 /* Release */ = {
			isa = XCBuildConfiguration;
			buildSettings = {
				CODE_SIGN_IDENTITY = "iPhone Developer";
				GCC_PRECOMPILE_PREFIX_HEADER = YES;
				GCC_PREFIX_HEADER = "Transfer/Transfer-Prefix.pch";
				INFOPLIST_FILE = "Transfer/Transfer-Info.plist";
				IPHONEOS_DEPLOYMENT_TARGET = 5.0;
				LIBRARY_SEARCH_PATHS = (
					"$(inherited)",
					"\"$(SRCROOT)/Thirdparty/TestFlightSDK1.2.4\"",
				);
				PRODUCT_NAME = "$(TARGET_NAME)";
				PROVISIONING_PROFILE = "";
				WRAPPER_EXTENSION = app;
			};
			name = Release;
		};
/* End XCBuildConfiguration section */

/* Begin XCConfigurationList section */
		EAAA1463171BC911005B9430 /* Build configuration list for PBXProject "Transfer" */ = {
			isa = XCConfigurationList;
			buildConfigurations = (
				EAAA1488171BC911005B9430 /* Debug */,
				EAAA1489171BC911005B9430 /* Release */,
			);
			defaultConfigurationIsVisible = 0;
			defaultConfigurationName = Release;
		};
		EAAA148A171BC911005B9430 /* Build configuration list for PBXNativeTarget "Transfer" */ = {
			isa = XCConfigurationList;
			buildConfigurations = (
				EAAA148B171BC911005B9430 /* Debug */,
				EAAA148C171BC911005B9430 /* Release */,
			);
			defaultConfigurationIsVisible = 0;
			defaultConfigurationName = Release;
		};
/* End XCConfigurationList section */

/* Begin XCVersionGroup section */
		EAAA1485171BC911005B9430 /* Transfer.xcdatamodeld */ = {
			isa = XCVersionGroup;
			children = (
				EAAA1486171BC911005B9430 /* Transfer.xcdatamodel */,
			);
			currentVersion = EAAA1486171BC911005B9430 /* Transfer.xcdatamodel */;
			name = Transfer.xcdatamodeld;
			path = ../Transfer.xcdatamodeld;
			sourceTree = "<group>";
			versionGroupType = wrapper.xcdatamodel;
		};
/* End XCVersionGroup section */
	};
	rootObject = EAAA1460171BC911005B9430 /* Project object */;
}
